
Microsoft Visual Studio Solution File, Format Version 12.00
# Visual Studio 15
VisualStudioVersion = 15.0.28307.1433
MinimumVisualStudioVersion = 10.0.40219.1
Project("{FAE04EC0-301F-11D3-BF4B-00C04F79EFBC}") = "WebApplication8 master", "WebApplication8 master\WebApplication8 master.csproj", "{023F5427-7BFD-4266-B64D-2ADF6C242F80}"
EndProject
Global
	GlobalSection(SolutionConfigurationPlatforms) = preSolution
		Debug|Any CPU = Debug|Any CPU
		Release|Any CPU = Release|Any CPU
	EndGlobalSection
	GlobalSection(ProjectConfigurationPlatforms) = postSolution
		{023F5427-7BFD-4266-B64D-2ADF6C242F80}.Debug|Any CPU.ActiveCfg = Debug|Any CPU
		{023F5427-7BFD-4266-B64D-2ADF6C242F80}.Debug|Any CPU.Build.0 = Debug|Any CPU
		{023F5427-7BFD-4266-B64D-2ADF6C242F80}.Release|Any CPU.ActiveCfg = Release|Any CPU
		{023F5427-7BFD-4266-B64D-2ADF6C242F80}.Release|Any CPU.Build.0 = Release|Any CPU
	EndGlobalSection
	GlobalSection(SolutionProperties) = preSolution
		HideSolutionNode = FALSE
	EndGlobalSection
	GlobalSection(ExtensibilityGlobals) = postSolution
		SolutionGuid = {4ED6291E-8748-449A-8239-8FBD566FD614}
	EndGlobalSection
EndGlobal
